
Microsoft Visual Studio Solution File, Format Version 12.00
# Visual Studio Version 16
VisualStudioVersion = 16.0.32510.428
MinimumVisualStudioVersion = 10.0.40219.1
Project("{8BC9CEB8-8B4A-11D0-8D11-00A0C91BC942}") = "App_PR_Classifier_Cluster", "App_PR_Classifier_Cluster.vcxproj", "{2A00E36C-6712-4349-8518-AC4CC2C1EE68}"
EndProject
Global
	GlobalSection(SolutionConfigurationPlatforms) = preSolution
		Debug|x64 = Debug|x64
		Release|x64 = Release|x64
	EndGlobalSection
	GlobalSection(ProjectConfigurationPlatforms) = postSolution
		{2A00E36C-6712-4349-8518-AC4CC2C1EE68}.Debug|x64.ActiveCfg = Debug|x64
		{2A00E36C-6712-4349-8518-AC4CC2C1EE68}.Debug|x64.Build.0 = Debug|x64
		{2A00E36C-6712-4349-8518-AC4CC2C1EE68}.Release|x64.ActiveCfg = Release|x64
		{2A00E36C-6712-4349-8518-AC4CC2C1EE68}.Release|x64.Build.0 = Release|x64
	EndGlobalSection
	GlobalSection(SolutionProperties) = preSolution
		HideSolutionNode = FALSE
	EndGlobalSection
	GlobalSection(ExtensibilityGlobals) = postSolution
		SolutionGuid = {0D6C6E21-64AC-4EF2-B4EA-F52480DAA40A}
	EndGlobalSection
EndGlobal
